dependencies:
- name: baserow
  repository: file://charts/baserow-common
  version: 1.0.37
- name: baserow
  repository: file://charts/baserow-common
  version: 1.0.37
- name: baserow
  repository: file://charts/baserow-common
  version: 1.0.37
- name: baserow
  repository: file://charts/baserow-common
  version: 1.0.37
- name: baserow
  repository: file://charts/baserow-common
  version: 1.0.37
- name: baserow
  repository: file://charts/baserow-common
  version: 1.0.37
- name: baserow
  repository: file://charts/baserow-common
  version: 1.0.37
- name: baserow
  repository: file://charts/baserow-common
  version: 1.0.37
- name: redis
  repository: https://charts.bitnami.com/bitnami
  version: 19.5.5
- name: postgresql
  repository: https://charts.bitnami.com/bitnami
  version: 15.5.38
- name: minio
  repository: https://charts.bitnami.com/bitnami
  version: 14.6.18
- name: caddy-ingress-controller
  repository: https://caddyserver.github.io/ingress
  version: 1.1.0
digest: sha256:94841fc8888790e824764ef4593dce57a878a2815ce85a9044cf1fd3131b4c80
generated: "2025-11-18T15:11:34.888472+01:00"
